
Microsoft Visual Studio Solution File, Format Version 12.00
# Visual Studio Version 17
VisualStudioVersion = 17.6.33829.357
MinimumVisualStudioVersion = 10.0.40219.1
Project("{FAE04EC0-301F-11D3-BF4B-00C04F79EFBC}") = "FirstProjectBlazorApp.Server", "FirstProjectBlazorApp\Server\FirstProjectBlazorApp.Server.csproj", "{12E3AFDB-7E3C-48F4-95C7-00A45CC2E0C5}"
EndProject
Project("{FAE04EC0-301F-11D3-BF4B-00C04F79EFBC}") = "FirstProjectBlazorApp.Client", "FirstProjectBlazorApp\Client\FirstProjectBlazorApp.Client.csproj", "{8E6F466F-0323-4732-B5E3-873AED226824}"
EndProject
Project("{FAE04EC0-301F-11D3-BF4B-00C04F79EFBC}") = "FirstProjectBlazorApp.Shared", "FirstProjectBlazorApp\Shared\FirstProjectBlazorApp.Shared.csproj", "{24A044E4-234D-4943-BB23-4A415346C2DC}"
EndProject
Global
	GlobalSection(SolutionConfigurationPlatforms) = preSolution
		Debug|Any CPU = Debug|Any CPU
		Release|Any CPU = Release|Any CPU
	EndGlobalSection
	GlobalSection(ProjectConfigurationPlatforms) = postSolution
		{12E3AFDB-7E3C-48F4-95C7-00A45CC2E0C5}.Debug|Any CPU.ActiveCfg = Debug|Any CPU
		{12E3AFDB-7E3C-48F4-95C7-00A45CC2E0C5}.Debug|Any CPU.Build.0 = Debug|Any CPU
		{12E3AFDB-7E3C-48F4-95C7-00A45CC2E0C5}.Release|Any CPU.ActiveCfg = Release|Any CPU
		{12E3AFDB-7E3C-48F4-95C7-00A45CC2E0C5}.Release|Any CPU.Build.0 = Release|Any CPU
		{8E6F466F-0323-4732-B5E3-873AED226824}.Debug|Any CPU.ActiveCfg = Debug|Any CPU
		{8E6F466F-0323-4732-B5E3-873AED226824}.Debug|Any CPU.Build.0 = Debug|Any CPU
		{8E6F466F-0323-4732-B5E3-873AED226824}.Release|Any CPU.ActiveCfg = Release|Any CPU
		{8E6F466F-0323-4732-B5E3-873AED226824}.Release|Any CPU.Build.0 = Release|Any CPU
		{24A044E4-234D-4943-BB23-4A415346C2DC}.Debug|Any CPU.ActiveCfg = Debug|Any CPU
		{24A044E4-234D-4943-BB23-4A415346C2DC}.Debug|Any CPU.Build.0 = Debug|Any CPU
		{24A044E4-234D-4943-BB23-4A415346C2DC}.Release|Any CPU.ActiveCfg = Release|Any CPU
		{24A044E4-234D-4943-BB23-4A415346C2DC}.Release|Any CPU.Build.0 = Release|Any CPU
	EndGlobalSection
	GlobalSection(SolutionProperties) = preSolution
		HideSolutionNode = FALSE
	EndGlobalSection
	GlobalSection(ExtensibilityGlobals) = postSolution
		SolutionGuid = {FA786AFA-F009-46C7-988E-E64CACF225B5}
	EndGlobalSection
EndGlobal
